{
  "name": "Zelda",
  "lockfileVersion": 2,
  "requires": true,
  "packages": {
    "": {
      "dependencies": {
        "kaboom": "^2000.2.9"
      }
    },
    "node_modules/kaboom": {
      "version": "2000.2.9",
      "resolved": "https://registry.npmjs.org/kaboom/-/kaboom-2000.2.9.tgz",
      "integrity": "sha512-LenwxK87NHnjBgfjpu+vQfMCSUEg2FnhBTPsqnYyJhc/iGIL1ZMoQEumtU/nIEPz1rP0M3Xdh4OAmotYRi1F6g=="
    }
  },
  "dependencies": {
    "kaboom": {
      "version": "2000.2.9",
      "resolved": "https://registry.npmjs.org/kaboom/-/kaboom-2000.2.9.tgz",
      "integrity": "sha512-LenwxK87NHnjBgfjpu+vQfMCSUEg2FnhBTPsqnYyJhc/iGIL1ZMoQEumtU/nIEPz1rP0M3Xdh4OAmotYRi1F6g=="
    }
  }
}
